
Microsoft Visual Studio Solution File, Format Version 12.00
# Visual Studio Version 17
VisualStudioVersion = 17.13.35931.197
MinimumVisualStudioVersion = 10.0.40219.1
Project("{FAE04EC0-301F-11D3-BF4B-00C04F79EFBC}") = "To-Do List", "To-Do List\To-Do List.csproj", "{3E6B0E51-C304-4FB7-B6EC-3A739AF3AD2D}"
EndProject
Project("{FAE04EC0-301F-11D3-BF4B-00C04F79EFBC}") = "To_Do_List.Tests", "To_Do_List.Tests\To_Do_List.Tests.csproj", "{7F31542B-E374-43D0-94BB-4D7AB9BBBCC0}"
EndProject
Global
	GlobalSection(SolutionConfigurationPlatforms) = preSolution
		Debug|Any CPU = Debug|Any CPU
		Release|Any CPU = Release|Any CPU
	EndGlobalSection
	GlobalSection(ProjectConfigurationPlatforms) = postSolution
		{3E6B0E51-C304-4FB7-B6EC-3A739AF3AD2D}.Debug|Any CPU.ActiveCfg = Debug|Any CPU
		{3E6B0E51-C304-4FB7-B6EC-3A739AF3AD2D}.Debug|Any CPU.Build.0 = Debug|Any CPU
		{3E6B0E51-C304-4FB7-B6EC-3A739AF3AD2D}.Release|Any CPU.ActiveCfg = Release|Any CPU
		{3E6B0E51-C304-4FB7-B6EC-3A739AF3AD2D}.Release|Any CPU.Build.0 = Release|Any CPU
		{7F31542B-E374-43D0-94BB-4D7AB9BBBCC0}.Debug|Any CPU.ActiveCfg = Debug|Any CPU
		{7F31542B-E374-43D0-94BB-4D7AB9BBBCC0}.Debug|Any CPU.Build.0 = Debug|Any CPU
		{7F31542B-E374-43D0-94BB-4D7AB9BBBCC0}.Release|Any CPU.ActiveCfg = Release|Any CPU
		{7F31542B-E374-43D0-94BB-4D7AB9BBBCC0}.Release|Any CPU.Build.0 = Release|Any CPU
	EndGlobalSection
	GlobalSection(SolutionProperties) = preSolution
		HideSolutionNode = FALSE
	EndGlobalSection
	GlobalSection(ExtensibilityGlobals) = postSolution
		SolutionGuid = {5813DA75-DEDB-43DC-B741-5538823BC8C1}
	EndGlobalSection
EndGlobal
